
Microsoft Visual Studio Solution File, Format Version 12.00
# Visual Studio Version 16
VisualStudioVersion = 16.0.28922.388
MinimumVisualStudioVersion = 10.0.40219.1
Project("{FAE04EC0-301F-11D3-BF4B-00C04F79EFBC}") = "WebAdvertV1", "WebAdvertV1\WebAdvertV1.csproj", "{F42B8F73-5774-45E1-AE9E-C8EB5CC160B5}"
EndProject
Global
	GlobalSection(SolutionConfigurationPlatforms) = preSolution
		Debug|Any CPU = Debug|Any CPU
		Release|Any CPU = Release|Any CPU
	EndGlobalSection
	GlobalSection(ProjectConfigurationPlatforms) = postSolution
		{F42B8F73-5774-45E1-AE9E-C8EB5CC160B5}.Debug|Any CPU.ActiveCfg = Debug|Any CPU
		{F42B8F73-5774-45E1-AE9E-C8EB5CC160B5}.Debug|Any CPU.Build.0 = Debug|Any CPU
		{F42B8F73-5774-45E1-AE9E-C8EB5CC160B5}.Release|Any CPU.ActiveCfg = Release|Any CPU
		{F42B8F73-5774-45E1-AE9E-C8EB5CC160B5}.Release|Any CPU.Build.0 = Release|Any CPU
	EndGlobalSection
	GlobalSection(SolutionProperties) = preSolution
		HideSolutionNode = FALSE
	EndGlobalSection
	GlobalSection(ExtensibilityGlobals) = postSolution
		SolutionGuid = {FF9D4C51-0734-41EA-82F6-969357393A90}
	EndGlobalSection
EndGlobal
